<?xml version="1.0" encoding="utf-8"?>
<Project ToolsVersion="4.0" xmlns="http://schemas.microsoft.com/developer/msbuild/2003">
  <ItemGroup>
    <ClCompile Include="main.cpp" />
    <ClCompile Include="stdafx.cpp" />
    <ClCompile Include="001_Triangle..cpp">
      <Filter>BasicExample</Filter>
    </ClCompile>
    <ClCompile Include="001_MonkeyScenes.cpp">
      <Filter>Other</Filter>
    </ClCompile>
  </ItemGroup>
  <ItemGroup>
    <ClInclude Include="stdafx.h" />
    <ClInclude Include="001_Triangle.h">
      <Filter>BasicExample</Filter>
    </ClInclude>
    <ClInclude Include="001_MonkeyScenes.h">
      <Filter>Other</Filter>
    </ClInclude>
  </ItemGroup>
  <ItemGroup>
    <Filter Include="BasicExample">
      <UniqueIdentifier>{a65151b8-5d72-4aa9-baa5-d855605a6549}</UniqueIdentifier>
    </Filter>
    <Filter Include="Other">
      <UniqueIdentifier>{073d3036-3d4c-48b5-99ad-b20fec3b5a02}</UniqueIdentifier>
    </Filter>
  </ItemGroup>
</Project>