<?xml version="1.0" encoding="utf-8"?>
<Project ToolsVersion="4.0" xmlns="http://schemas.microsoft.com/developer/msbuild/2003">
  <ItemGroup>
    <ClCompile Include="GameApp.cpp" />
    <ClCompile Include="main.cpp" />
    <ClCompile Include="stdafx.cpp" />
    <ClCompile Include="RenderUtils.cpp">
      <Filter>RenderUtils</Filter>
    </ClCompile>
    <ClCompile Include="CameraUtils.cpp">
      <Filter>RenderUtils</Filter>
    </ClCompile>
  </ItemGroup>
  <ItemGroup>
    <ClInclude Include="GameApp.h" />
    <ClInclude Include="stdafx.h" />
    <ClInclude Include="RenderUtils.h">
      <Filter>RenderUtils</Filter>
    </ClInclude>
    <ClInclude Include="CameraUtils.h">
      <Filter>RenderUtils</Filter>
    </ClInclude>
  </ItemGroup>
  <ItemGroup>
    <Filter Include="RenderUtils">
      <UniqueIdentifier>{5b291575-d0fc-469a-9605-5bff1b79a5ad}</UniqueIdentifier>
    </Filter>
  </ItemGroup>
</Project>