<?xml version="1.0" encoding="utf-8"?>
<Project ToolsVersion="4.0" xmlns="http://schemas.microsoft.com/developer/msbuild/2003">
  <ItemGroup>
    <ClCompile Include="GameApp.cpp" />
    <ClCompile Include="main.cpp" />
    <ClCompile Include="stdafx.cpp" />
    <ClCompile Include="DrawGrid.cpp">
      <Filter>Framework\Utility</Filter>
    </ClCompile>
    <ClCompile Include="Ray.cpp">
      <Filter>Framework\Utility</Filter>
    </ClCompile>
    <ClCompile Include="GridMap.cpp">
      <Filter>Framework\GridMap</Filter>
    </ClCompile>
    <ClCompile Include="IGameState.cpp">
      <Filter>GameState</Filter>
    </ClCompile>
    <ClCompile Include="GameStateTest.cpp">
      <Filter>GameState</Filter>
    </ClCompile>
    <ClCompile Include="GameStateManager.cpp">
      <Filter>GameState</Filter>
    </ClCompile>
    <ClCompile Include="EditorState.cpp">
      <Filter>Editor</Filter>
    </ClCompile>
    <ClCompile Include="EditorCollectModels.cpp">
      <Filter>Editor\Core</Filter>
    </ClCompile>
    <ClCompile Include="EditorCursor.cpp">
      <Filter>Editor\Core</Filter>
    </ClCompile>
    <ClCompile Include="EditorWorldObject.cpp">
      <Filter>Editor\Data</Filter>
    </ClCompile>
    <ClCompile Include="EditorState_Create.cpp">
      <Filter>Editor</Filter>
    </ClCompile>
    <ClCompile Include="EditorState_Func.cpp">
      <Filter>Editor</Filter>
    </ClCompile>
    <ClCompile Include="EditorState_drawImgui.cpp">
      <Filter>Editor</Filter>
    </ClCompile>
  </ItemGroup>
  <ItemGroup>
    <ClInclude Include="GameApp.h" />
    <ClInclude Include="stdafx.h" />
    <ClInclude Include="DrawGrid.h">
      <Filter>Framework\Utility</Filter>
    </ClInclude>
    <ClInclude Include="SpaceMath.h">
      <Filter>Framework\Utility</Filter>
    </ClInclude>
    <ClInclude Include="Ray.h">
      <Filter>Framework\Utility</Filter>
    </ClInclude>
    <ClInclude Include="GridMap.h">
      <Filter>Framework\GridMap</Filter>
    </ClInclude>
    <ClInclude Include="IGameState.h">
      <Filter>GameState</Filter>
    </ClInclude>
    <ClInclude Include="GameStateTest.h">
      <Filter>GameState</Filter>
    </ClInclude>
    <ClInclude Include="GameStateManager.h">
      <Filter>GameState</Filter>
    </ClInclude>
    <ClInclude Include="VertexFormat.h">
      <Filter>Framework</Filter>
    </ClInclude>
    <ClInclude Include="EditorState.h">
      <Filter>Editor</Filter>
    </ClInclude>
    <ClInclude Include="EditorCore.h">
      <Filter>Editor\Core</Filter>
    </ClInclude>
    <ClInclude Include="EditorCollectModels.h">
      <Filter>Editor\Core</Filter>
    </ClInclude>
    <ClInclude Include="EditorCursor.h">
      <Filter>Editor\Core</Filter>
    </ClInclude>
    <ClInclude Include="EditorWorldObject.h">
      <Filter>Editor\Data</Filter>
    </ClInclude>
  </ItemGroup>
  <ItemGroup>
    <Filter Include="Framework">
      <UniqueIdentifier>{9cb54e2f-5bad-47f1-a8e0-95867c1327be}</UniqueIdentifier>
    </Filter>
    <Filter Include="Framework\Utility">
      <UniqueIdentifier>{bbd98bff-4d1a-4669-a112-03ad8e01fb73}</UniqueIdentifier>
    </Filter>
    <Filter Include="Framework\ShaderLib">
      <UniqueIdentifier>{88cb4e8a-76d3-45df-ba1b-39e314baabea}</UniqueIdentifier>
    </Filter>
    <Filter Include="Framework\GridMap">
      <UniqueIdentifier>{c6ca4954-fe7b-4ebf-bfb6-4d7e2be57092}</UniqueIdentifier>
    </Filter>
    <Filter Include="Editor">
      <UniqueIdentifier>{35e3575d-77e1-46e5-97aa-158c6cd815d5}</UniqueIdentifier>
    </Filter>
    <Filter Include="GameState">
      <UniqueIdentifier>{0d9164ee-d534-400f-b8a0-18e070791bf6}</UniqueIdentifier>
    </Filter>
    <Filter Include="Editor\Core">
      <UniqueIdentifier>{797f73d5-91ae-4b59-af6c-fc418e10eb65}</UniqueIdentifier>
    </Filter>
    <Filter Include="Editor\Data">
      <UniqueIdentifier>{e692ee14-83a3-4883-8487-af7149b6bbe1}</UniqueIdentifier>
    </Filter>
  </ItemGroup>
</Project>